PODS:
  - Alamofire (4.7.3)
  - RestBird/Alamofire (0.1.0):
    - Alamofire
    - RestBird/Core
  - RestBird/Core (0.1.0)

DEPENDENCIES:
  - RestBird/Alamofire (from `../`)

SPEC REPOS:
  https://github.com/cocoapods/specs.git:
    - Alamofire

EXTERNAL SOURCES:
  RestBird:
    :path: "../"

SPEC CHECKSUMS:
  Alamofire: c7287b6e5d7da964a70935e5db17046b7fde6568
  RestBird: 858d25728d4f93807ab74c1013eeec2130521f30

PODFILE CHECKSUM: f1d95cd3b88e9fe97af935c7ff1577ca4a72c959

COCOAPODS: 1.6.0.beta.1
