// !$*UTF8*$!
{
   archiveVersion = "1";
   objectVersion = "46";
   objects = {
      "Alamofire::Alamofire" = {
         isa = "PBXNativeTarget";
         buildConfigurationList = "OBJ_53";
         buildPhases = (
            "OBJ_56",
            "OBJ_74"
         );
         dependencies = (
         );
         name = "Alamofire";
         productName = "Alamofire";
         productReference = "Alamofire::Alamofire::Product";
         productType = "com.apple.product-type.framework";
      };
      "Alamofire::Alamofire::Product" = {
         isa = "PBXFileReference";
         path = "Alamofire.framework";
         sourceTree = "BUILT_PRODUCTS_DIR";
      };
      "Alamofire::SwiftPMPackageDescription" = {
         isa = "PBXNativeTarget";
         buildConfigurationList = "OBJ_76";
         buildPhases = (
            "OBJ_79"
         );
         dependencies = (
         );
         name = "AlamofirePackageDescription";
         productName = "AlamofirePackageDescription";
         productType = "com.apple.product-type.framework";
      };
      "OBJ_1" = {
         isa = "PBXProject";
         attributes = {
            LastUpgradeCheck = "9999";
         };
         buildConfigurationList = "OBJ_2";
         compatibilityVersion = "Xcode 3.2";
         developmentRegion = "English";
         hasScannedForEncodings = "0";
         knownRegions = (
            "en"
         );
         mainGroup = "OBJ_5";
         productRefGroup = "OBJ_48";
         projectDirPath = ".";
         targets = (
            "Alamofire::Alamofire",
            "Alamofire::SwiftPMPackageDescription",
            "RestBird::RestBird",
            "RestBird::SwiftPMPackageDescription",
            "RestBird::RestBirdPackageTests::ProductTarget",
            "RestBird::RestBirdTests"
         );
      };
      "OBJ_10" = {
         isa = "PBXFileReference";
         path = "HTTPMethod.swift";
         sourceTree = "<group>";
      };
      "OBJ_101" = {
         isa = "XCConfigurationList";
         buildConfigurations = (
            "OBJ_102",
            "OBJ_103"
         );
         defaultConfigurationIsVisible = "0";
         defaultConfigurationName = "Release";
      };
      "OBJ_102" = {
         isa = "XCBuildConfiguration";
         buildSettings = {
            LD = "/usr/bin/true";
            OTHER_SWIFT_FLAGS = (
               "-swift-version",
               "4.2",
               "-I",
               "$(TOOLCHAIN_DIR)/usr/lib/swift/pm/4_2",
               "-target",
               "x86_64-apple-macosx10.10",
               "-sdk",
               "/Applications/Xcode.app/Contents/Developer/Platforms/MacOSX.platform/Developer/SDKs/MacOSX10.14.sdk"
            );
            SWIFT_VERSION = "4.2";
         };
         name = "Debug";
      };
      "OBJ_103" = {
         isa = "XCBuildConfiguration";
         buildSettings = {
            LD = "/usr/bin/true";
            OTHER_SWIFT_FLAGS = (
               "-swift-version",
               "4.2",
               "-I",
               "$(TOOLCHAIN_DIR)/usr/lib/swift/pm/4_2",
               "-target",
               "x86_64-apple-macosx10.10",
               "-sdk",
               "/Applications/Xcode.app/Contents/Developer/Platforms/MacOSX.platform/Developer/SDKs/MacOSX10.14.sdk"
            );
            SWIFT_VERSION = "4.2";
         };
         name = "Release";
      };
      "OBJ_104" = {
         isa = "PBXSourcesBuildPhase";
         files = (
            "OBJ_105"
         );
      };
      "OBJ_105" = {
         isa = "PBXBuildFile";
         fileRef = "OBJ_6";
      };
      "OBJ_107" = {
         isa = "XCConfigurationList";
         buildConfigurations = (
            "OBJ_108",
            "OBJ_109"
         );
         defaultConfigurationIsVisible = "0";
         defaultConfigurationName = "Release";
      };
      "OBJ_108" = {
         isa = "XCBuildConfiguration";
         buildSettings = {
         };
         name = "Debug";
      };
      "OBJ_109" = {
         isa = "XCBuildConfiguration";
         buildSettings = {
         };
         name = "Release";
      };
      "OBJ_11" = {
         isa = "PBXFileReference";
         path = "NetworkError.swift";
         sourceTree = "<group>";
      };
      "OBJ_110" = {
         isa = "PBXTargetDependency";
         target = "RestBird::RestBirdTests";
      };
      "OBJ_112" = {
         isa = "XCConfigurationList";
         buildConfigurations = (
            "OBJ_113",
            "OBJ_114"
         );
         defaultConfigurationIsVisible = "0";
         defaultConfigurationName = "Release";
      };
      "OBJ_113" = {
         isa = "XCBuildConfiguration";
         buildSettings = {
            CLANG_ENABLE_MODULES = "YES";
            EMBEDDED_CONTENT_CONTAINS_SWIFT = "YES";
            FRAMEWORK_SEARCH_PATHS = (
               "$(inherited)",
               "$(PLATFORM_DIR)/Developer/Library/Frameworks"
            );
            HEADER_SEARCH_PATHS = (
               "$(inherited)"
            );
            INFOPLIST_FILE = "RestBird.xcodeproj/RestBirdTests_Info.plist";
            LD_RUNPATH_SEARCH_PATHS = (
               "$(inherited)",
               "@loader_path/../Frameworks",
               "@loader_path/Frameworks"
            );
            OTHER_CFLAGS = (
               "$(inherited)"
            );
            OTHER_LDFLAGS = (
               "$(inherited)"
            );
            OTHER_SWIFT_FLAGS = (
               "$(inherited)"
            );
            SWIFT_ACTIVE_COMPILATION_CONDITIONS = (
               "$(inherited)"
            );
            SWIFT_VERSION = "4.2";
            TARGET_NAME = "RestBirdTests";
         };
         name = "Debug";
      };
      "OBJ_114" = {
         isa = "XCBuildConfiguration";
         buildSettings = {
            CLANG_ENABLE_MODULES = "YES";
            EMBEDDED_CONTENT_CONTAINS_SWIFT = "YES";
            FRAMEWORK_SEARCH_PATHS = (
               "$(inherited)",
               "$(PLATFORM_DIR)/Developer/Library/Frameworks"
            );
            HEADER_SEARCH_PATHS = (
               "$(inherited)"
            );
            INFOPLIST_FILE = "RestBird.xcodeproj/RestBirdTests_Info.plist";
            LD_RUNPATH_SEARCH_PATHS = (
               "$(inherited)",
               "@loader_path/../Frameworks",
               "@loader_path/Frameworks"
            );
            OTHER_CFLAGS = (
               "$(inherited)"
            );
            OTHER_LDFLAGS = (
               "$(inherited)"
            );
            OTHER_SWIFT_FLAGS = (
               "$(inherited)"
            );
            SWIFT_ACTIVE_COMPILATION_CONDITIONS = (
               "$(inherited)"
            );
            SWIFT_VERSION = "4.2";
            TARGET_NAME = "RestBirdTests";
         };
         name = "Release";
      };
      "OBJ_115" = {
         isa = "PBXSourcesBuildPhase";
         files = (
            "OBJ_116",
            "OBJ_117"
         );
      };
      "OBJ_116" = {
         isa = "PBXBuildFile";
         fileRef = "OBJ_26";
      };
      "OBJ_117" = {
         isa = "PBXBuildFile";
         fileRef = "OBJ_27";
      };
      "OBJ_118" = {
         isa = "PBXFrameworksBuildPhase";
         files = (
            "OBJ_119",
            "OBJ_120"
         );
      };
      "OBJ_119" = {
         isa = "PBXBuildFile";
         fileRef = "RestBird::RestBird::Product";
      };
      "OBJ_12" = {
         isa = "PBXGroup";
         children = (
            "OBJ_13",
            "OBJ_14",
            "OBJ_15"
         );
         name = "Request";
         path = "Request";
         sourceTree = "<group>";
      };
      "OBJ_120" = {
         isa = "PBXBuildFile";
         fileRef = "Alamofire::Alamofire::Product";
      };
      "OBJ_121" = {
         isa = "PBXTargetDependency";
         target = "RestBird::RestBird";
      };
      "OBJ_122" = {
         isa = "PBXTargetDependency";
         target = "Alamofire::Alamofire";
      };
      "OBJ_13" = {
         isa = "PBXFileReference";
         path = "DataRequest.swift";
         sourceTree = "<group>";
      };
      "OBJ_14" = {
         isa = "PBXFileReference";
         path = "Request.swift";
         sourceTree = "<group>";
      };
      "OBJ_15" = {
         isa = "PBXFileReference";
         path = "UploadRequest.swift";
         sourceTree = "<group>";
      };
      "OBJ_16" = {
         isa = "PBXFileReference";
         path = "RestBird.swift";
         sourceTree = "<group>";
      };
      "OBJ_17" = {
         isa = "PBXFileReference";
         path = "Result.swift";
         sourceTree = "<group>";
      };
      "OBJ_18" = {
         isa = "PBXGroup";
         children = (
            "OBJ_19"
         );
         name = "Utility";
         path = "Utility";
         sourceTree = "<group>";
      };
      "OBJ_19" = {
         isa = "PBXFileReference";
         path = "Data+Codable.swift";
         sourceTree = "<group>";
      };
      "OBJ_2" = {
         isa = "XCConfigurationList";
         buildConfigurations = (
            "OBJ_3",
            "OBJ_4"
         );
         defaultConfigurationIsVisible = "0";
         defaultConfigurationName = "Release";
      };
      "OBJ_20" = {
         isa = "PBXGroup";
         children = (
            "OBJ_21",
            "OBJ_22",
            "OBJ_23"
         );
         name = "Session";
         path = "Session";
         sourceTree = "<group>";
      };
      "OBJ_21" = {
         isa = "PBXFileReference";
         path = "AlamofireSessionManager.swift";
         sourceTree = "<group>";
      };
      "OBJ_22" = {
         isa = "PBXFileReference";
         path = "SessionManager.swift";
         sourceTree = "<group>";
      };
      "OBJ_23" = {
         isa = "PBXFileReference";
         path = "URLSessionManager.swift";
         sourceTree = "<group>";
      };
      "OBJ_24" = {
         isa = "PBXGroup";
         children = (
            "OBJ_25"
         );
         name = "Tests";
         path = "";
         sourceTree = "SOURCE_ROOT";
      };
      "OBJ_25" = {
         isa = "PBXGroup";
         children = (
            "OBJ_26",
            "OBJ_27"
         );
         name = "RestBirdTests";
         path = "Tests/RestBirdTests";
         sourceTree = "SOURCE_ROOT";
      };
      "OBJ_26" = {
         isa = "PBXFileReference";
         path = "RestBirdTests.swift";
         sourceTree = "<group>";
      };
      "OBJ_27" = {
         isa = "PBXFileReference";
         path = "XCTestManifests.swift";
         sourceTree = "<group>";
      };
      "OBJ_28" = {
         isa = "PBXGroup";
         children = (
            "OBJ_29"
         );
         name = "Dependencies";
         path = "";
         sourceTree = "<group>";
      };
      "OBJ_29" = {
         isa = "PBXGroup";
         children = (
            "OBJ_30",
            "OBJ_31",
            "OBJ_32",
            "OBJ_33",
            "OBJ_34",
            "OBJ_35",
            "OBJ_36",
            "OBJ_37",
            "OBJ_38",
            "OBJ_39",
            "OBJ_40",
            "OBJ_41",
            "OBJ_42",
            "OBJ_43",
            "OBJ_44",
            "OBJ_45",
            "OBJ_46",
            "OBJ_47"
         );
         name = "Alamofire 4.7.3";
         path = ".build/checkouts/Alamofire.git--8543181494367304078/Source";
         sourceTree = "SOURCE_ROOT";
      };
      "OBJ_3" = {
         isa = "XCBuildConfiguration";
         buildSettings = {
            CLANG_ENABLE_OBJC_ARC = "YES";
            COMBINE_HIDPI_IMAGES = "YES";
            COPY_PHASE_STRIP = "NO";
            DEBUG_INFORMATION_FORMAT = "dwarf";
            DYLIB_INSTALL_NAME_BASE = "@rpath";
            ENABLE_NS_ASSERTIONS = "YES";
            GCC_OPTIMIZATION_LEVEL = "0";
            GCC_PREPROCESSOR_DEFINITIONS = (
               "DEBUG=1",
               "$(inherited)"
            );
            MACOSX_DEPLOYMENT_TARGET = "10.10";
            ONLY_ACTIVE_ARCH = "YES";
            OTHER_SWIFT_FLAGS = (
               "-DXcode"
            );
            PRODUCT_NAME = "$(TARGET_NAME)";
            SDKROOT = "macosx";
            SUPPORTED_PLATFORMS = (
               "macosx",
               "iphoneos",
               "iphonesimulator",
               "appletvos",
               "appletvsimulator",
               "watchos",
               "watchsimulator"
            );
            SWIFT_ACTIVE_COMPILATION_CONDITIONS = (
               "SWIFT_PACKAGE",
               "DEBUG"
            );
            SWIFT_OPTIMIZATION_LEVEL = "-Onone";
            USE_HEADERMAP = "NO";
         };
         name = "Debug";
      };
      "OBJ_30" = {
         isa = "PBXFileReference";
         explicitFileType = "sourcecode.swift";
         name = "Package.swift";
         path = "/Users/botix/Documents/Work/RestBird/.build/checkouts/Alamofire.git--8543181494367304078/Package.swift";
         sourceTree = "<group>";
      };
      "OBJ_31" = {
         isa = "PBXFileReference";
         path = "AFError.swift";
         sourceTree = "<group>";
      };
      "OBJ_32" = {
         isa = "PBXFileReference";
         path = "Alamofire.swift";
         sourceTree = "<group>";
      };
      "OBJ_33" = {
         isa = "PBXFileReference";
         path = "DispatchQueue+Alamofire.swift";
         sourceTree = "<group>";
      };
      "OBJ_34" = {
         isa = "PBXFileReference";
         path = "MultipartFormData.swift";
         sourceTree = "<group>";
      };
      "OBJ_35" = {
         isa = "PBXFileReference";
         path = "NetworkReachabilityManager.swift";
         sourceTree = "<group>";
      };
      "OBJ_36" = {
         isa = "PBXFileReference";
         path = "Notifications.swift";
         sourceTree = "<group>";
      };
      "OBJ_37" = {
         isa = "PBXFileReference";
         path = "ParameterEncoding.swift";
         sourceTree = "<group>";
      };
      "OBJ_38" = {
         isa = "PBXFileReference";
         path = "Request.swift";
         sourceTree = "<group>";
      };
      "OBJ_39" = {
         isa = "PBXFileReference";
         path = "Response.swift";
         sourceTree = "<group>";
      };
      "OBJ_4" = {
         isa = "XCBuildConfiguration";
         buildSettings = {
            CLANG_ENABLE_OBJC_ARC = "YES";
            COMBINE_HIDPI_IMAGES = "YES";
            COPY_PHASE_STRIP = "YES";
            DEBUG_INFORMATION_FORMAT = "dwarf-with-dsym";
            DYLIB_INSTALL_NAME_BASE = "@rpath";
            GCC_OPTIMIZATION_LEVEL = "s";
            MACOSX_DEPLOYMENT_TARGET = "10.10";
            OTHER_SWIFT_FLAGS = (
               "-DXcode"
            );
            PRODUCT_NAME = "$(TARGET_NAME)";
            SDKROOT = "macosx";
            SUPPORTED_PLATFORMS = (
               "macosx",
               "iphoneos",
               "iphonesimulator",
               "appletvos",
               "appletvsimulator",
               "watchos",
               "watchsimulator"
            );
            SWIFT_ACTIVE_COMPILATION_CONDITIONS = (
               "SWIFT_PACKAGE"
            );
            SWIFT_OPTIMIZATION_LEVEL = "-Owholemodule";
            USE_HEADERMAP = "NO";
         };
         name = "Release";
      };
      "OBJ_40" = {
         isa = "PBXFileReference";
         path = "ResponseSerialization.swift";
         sourceTree = "<group>";
      };
      "OBJ_41" = {
         isa = "PBXFileReference";
         path = "Result.swift";
         sourceTree = "<group>";
      };
      "OBJ_42" = {
         isa = "PBXFileReference";
         path = "ServerTrustPolicy.swift";
         sourceTree = "<group>";
      };
      "OBJ_43" = {
         isa = "PBXFileReference";
         path = "SessionDelegate.swift";
         sourceTree = "<group>";
      };
      "OBJ_44" = {
         isa = "PBXFileReference";
         path = "SessionManager.swift";
         sourceTree = "<group>";
      };
      "OBJ_45" = {
         isa = "PBXFileReference";
         path = "TaskDelegate.swift";
         sourceTree = "<group>";
      };
      "OBJ_46" = {
         isa = "PBXFileReference";
         path = "Timeline.swift";
         sourceTree = "<group>";
      };
      "OBJ_47" = {
         isa = "PBXFileReference";
         path = "Validation.swift";
         sourceTree = "<group>";
      };
      "OBJ_48" = {
         isa = "PBXGroup";
         children = (
            "RestBird::RestBird::Product",
            "RestBird::RestBirdTests::Product",
            "Alamofire::Alamofire::Product"
         );
         name = "Products";
         path = "";
         sourceTree = "BUILT_PRODUCTS_DIR";
      };
      "OBJ_5" = {
         isa = "PBXGroup";
         children = (
            "OBJ_6",
            "OBJ_7",
            "OBJ_24",
            "OBJ_28",
            "OBJ_48"
         );
         path = "";
         sourceTree = "<group>";
      };
      "OBJ_53" = {
         isa = "XCConfigurationList";
         buildConfigurations = (
            "OBJ_54",
            "OBJ_55"
         );
         defaultConfigurationIsVisible = "0";
         defaultConfigurationName = "Release";
      };
      "OBJ_54" = {
         isa = "XCBuildConfiguration";
         buildSettings = {
            ENABLE_TESTABILITY = "YES";
            FRAMEWORK_SEARCH_PATHS = (
               "$(inherited)",
               "$(PLATFORM_DIR)/Developer/Library/Frameworks"
            );
            HEADER_SEARCH_PATHS = (
               "$(inherited)"
            );
            INFOPLIST_FILE = "RestBird.xcodeproj/Alamofire_Info.plist";
            LD_RUNPATH_SEARCH_PATHS = (
               "$(inherited)",
               "$(TOOLCHAIN_DIR)/usr/lib/swift/macosx"
            );
            OTHER_CFLAGS = (
               "$(inherited)"
            );
            OTHER_LDFLAGS = (
               "$(inherited)"
            );
            OTHER_SWIFT_FLAGS = (
               "$(inherited)"
            );
            PRODUCT_BUNDLE_IDENTIFIER = "Alamofire";
            PRODUCT_MODULE_NAME = "$(TARGET_NAME:c99extidentifier)";
            PRODUCT_NAME = "$(TARGET_NAME:c99extidentifier)";
            SKIP_INSTALL = "YES";
            SWIFT_ACTIVE_COMPILATION_CONDITIONS = (
               "$(inherited)"
            );
            SWIFT_VERSION = "3.0";
            TARGET_NAME = "Alamofire";
         };
         name = "Debug";
      };
      "OBJ_55" = {
         isa = "XCBuildConfiguration";
         buildSettings = {
            ENABLE_TESTABILITY = "YES";
            FRAMEWORK_SEARCH_PATHS = (
               "$(inherited)",
               "$(PLATFORM_DIR)/Developer/Library/Frameworks"
            );
            HEADER_SEARCH_PATHS = (
               "$(inherited)"
            );
            INFOPLIST_FILE = "RestBird.xcodeproj/Alamofire_Info.plist";
            LD_RUNPATH_SEARCH_PATHS = (
               "$(inherited)",
               "$(TOOLCHAIN_DIR)/usr/lib/swift/macosx"
            );
            OTHER_CFLAGS = (
               "$(inherited)"
            );
            OTHER_LDFLAGS = (
               "$(inherited)"
            );
            OTHER_SWIFT_FLAGS = (
               "$(inherited)"
            );
            PRODUCT_BUNDLE_IDENTIFIER = "Alamofire";
            PRODUCT_MODULE_NAME = "$(TARGET_NAME:c99extidentifier)";
            PRODUCT_NAME = "$(TARGET_NAME:c99extidentifier)";
            SKIP_INSTALL = "YES";
            SWIFT_ACTIVE_COMPILATION_CONDITIONS = (
               "$(inherited)"
            );
            SWIFT_VERSION = "3.0";
            TARGET_NAME = "Alamofire";
         };
         name = "Release";
      };
      "OBJ_56" = {
         isa = "PBXSourcesBuildPhase";
         files = (
            "OBJ_57",
            "OBJ_58",
            "OBJ_59",
            "OBJ_60",
            "OBJ_61",
            "OBJ_62",
            "OBJ_63",
            "OBJ_64",
            "OBJ_65",
            "OBJ_66",
            "OBJ_67",
            "OBJ_68",
            "OBJ_69",
            "OBJ_70",
            "OBJ_71",
            "OBJ_72",
            "OBJ_73"
         );
      };
      "OBJ_57" = {
         isa = "PBXBuildFile";
         fileRef = "OBJ_31";
      };
      "OBJ_58" = {
         isa = "PBXBuildFile";
         fileRef = "OBJ_32";
      };
      "OBJ_59" = {
         isa = "PBXBuildFile";
         fileRef = "OBJ_33";
      };
      "OBJ_6" = {
         isa = "PBXFileReference";
         explicitFileType = "sourcecode.swift";
         path = "Package.swift";
         sourceTree = "<group>";
      };
      "OBJ_60" = {
         isa = "PBXBuildFile";
         fileRef = "OBJ_34";
      };
      "OBJ_61" = {
         isa = "PBXBuildFile";
         fileRef = "OBJ_35";
      };
      "OBJ_62" = {
         isa = "PBXBuildFile";
         fileRef = "OBJ_36";
      };
      "OBJ_63" = {
         isa = "PBXBuildFile";
         fileRef = "OBJ_37";
      };
      "OBJ_64" = {
         isa = "PBXBuildFile";
         fileRef = "OBJ_38";
      };
      "OBJ_65" = {
         isa = "PBXBuildFile";
         fileRef = "OBJ_39";
      };
      "OBJ_66" = {
         isa = "PBXBuildFile";
         fileRef = "OBJ_40";
      };
      "OBJ_67" = {
         isa = "PBXBuildFile";
         fileRef = "OBJ_41";
      };
      "OBJ_68" = {
         isa = "PBXBuildFile";
         fileRef = "OBJ_42";
      };
      "OBJ_69" = {
         isa = "PBXBuildFile";
         fileRef = "OBJ_43";
      };
      "OBJ_7" = {
         isa = "PBXGroup";
         children = (
            "OBJ_8"
         );
         name = "Sources";
         path = "";
         sourceTree = "SOURCE_ROOT";
      };
      "OBJ_70" = {
         isa = "PBXBuildFile";
         fileRef = "OBJ_44";
      };
      "OBJ_71" = {
         isa = "PBXBuildFile";
         fileRef = "OBJ_45";
      };
      "OBJ_72" = {
         isa = "PBXBuildFile";
         fileRef = "OBJ_46";
      };
      "OBJ_73" = {
         isa = "PBXBuildFile";
         fileRef = "OBJ_47";
      };
      "OBJ_74" = {
         isa = "PBXFrameworksBuildPhase";
         files = (
         );
      };
      "OBJ_76" = {
         isa = "XCConfigurationList";
         buildConfigurations = (
            "OBJ_77",
            "OBJ_78"
         );
         defaultConfigurationIsVisible = "0";
         defaultConfigurationName = "Release";
      };
      "OBJ_77" = {
         isa = "XCBuildConfiguration";
         buildSettings = {
            LD = "/usr/bin/true";
            OTHER_SWIFT_FLAGS = (
               "-swift-version",
               "3",
               "-I",
               "$(TOOLCHAIN_DIR)/usr/lib/swift/pm/3",
               "-target",
               "x86_64-apple-macosx10.10",
               "-sdk",
               "/Applications/Xcode.app/Contents/Developer/Platforms/MacOSX.platform/Developer/SDKs/MacOSX10.14.sdk"
            );
            SWIFT_VERSION = "3.0";
         };
         name = "Debug";
      };
      "OBJ_78" = {
         isa = "XCBuildConfiguration";
         buildSettings = {
            LD = "/usr/bin/true";
            OTHER_SWIFT_FLAGS = (
               "-swift-version",
               "3",
               "-I",
               "$(TOOLCHAIN_DIR)/usr/lib/swift/pm/3",
               "-target",
               "x86_64-apple-macosx10.10",
               "-sdk",
               "/Applications/Xcode.app/Contents/Developer/Platforms/MacOSX.platform/Developer/SDKs/MacOSX10.14.sdk"
            );
            SWIFT_VERSION = "3.0";
         };
         name = "Release";
      };
      "OBJ_79" = {
         isa = "PBXSourcesBuildPhase";
         files = (
            "OBJ_80"
         );
      };
      "OBJ_8" = {
         isa = "PBXGroup";
         children = (
            "OBJ_9",
            "OBJ_20"
         );
         name = "RestBird";
         path = "Sources/RestBird";
         sourceTree = "SOURCE_ROOT";
      };
      "OBJ_80" = {
         isa = "PBXBuildFile";
         fileRef = "OBJ_30";
      };
      "OBJ_82" = {
         isa = "XCConfigurationList";
         buildConfigurations = (
            "OBJ_83",
            "OBJ_84"
         );
         defaultConfigurationIsVisible = "0";
         defaultConfigurationName = "Release";
      };
      "OBJ_83" = {
         isa = "XCBuildConfiguration";
         buildSettings = {
            ENABLE_TESTABILITY = "YES";
            FRAMEWORK_SEARCH_PATHS = (
               "$(inherited)",
               "$(PLATFORM_DIR)/Developer/Library/Frameworks"
            );
            HEADER_SEARCH_PATHS = (
               "$(inherited)"
            );
            INFOPLIST_FILE = "RestBird.xcodeproj/RestBird_Info.plist";
            LD_RUNPATH_SEARCH_PATHS = (
               "$(inherited)",
               "$(TOOLCHAIN_DIR)/usr/lib/swift/macosx"
            );
            OTHER_CFLAGS = (
               "$(inherited)"
            );
            OTHER_LDFLAGS = (
               "$(inherited)"
            );
            OTHER_SWIFT_FLAGS = (
               "$(inherited)"
            );
            PRODUCT_BUNDLE_IDENTIFIER = "RestBird";
            PRODUCT_MODULE_NAME = "$(TARGET_NAME:c99extidentifier)";
            PRODUCT_NAME = "$(TARGET_NAME:c99extidentifier)";
            SKIP_INSTALL = "YES";
            SWIFT_ACTIVE_COMPILATION_CONDITIONS = (
               "$(inherited)"
            );
            SWIFT_VERSION = "4.2";
            TARGET_NAME = "RestBird";
         };
         name = "Debug";
      };
      "OBJ_84" = {
         isa = "XCBuildConfiguration";
         buildSettings = {
            ENABLE_TESTABILITY = "YES";
            FRAMEWORK_SEARCH_PATHS = (
               "$(inherited)",
               "$(PLATFORM_DIR)/Developer/Library/Frameworks"
            );
            HEADER_SEARCH_PATHS = (
               "$(inherited)"
            );
            INFOPLIST_FILE = "RestBird.xcodeproj/RestBird_Info.plist";
            LD_RUNPATH_SEARCH_PATHS = (
               "$(inherited)",
               "$(TOOLCHAIN_DIR)/usr/lib/swift/macosx"
            );
            OTHER_CFLAGS = (
               "$(inherited)"
            );
            OTHER_LDFLAGS = (
               "$(inherited)"
            );
            OTHER_SWIFT_FLAGS = (
               "$(inherited)"
            );
            PRODUCT_BUNDLE_IDENTIFIER = "RestBird";
            PRODUCT_MODULE_NAME = "$(TARGET_NAME:c99extidentifier)";
            PRODUCT_NAME = "$(TARGET_NAME:c99extidentifier)";
            SKIP_INSTALL = "YES";
            SWIFT_ACTIVE_COMPILATION_CONDITIONS = (
               "$(inherited)"
            );
            SWIFT_VERSION = "4.2";
            TARGET_NAME = "RestBird";
         };
         name = "Release";
      };
      "OBJ_85" = {
         isa = "PBXSourcesBuildPhase";
         files = (
            "OBJ_86",
            "OBJ_87",
            "OBJ_88",
            "OBJ_89",
            "OBJ_90",
            "OBJ_91",
            "OBJ_92",
            "OBJ_93",
            "OBJ_94",
            "OBJ_95",
            "OBJ_96"
         );
      };
      "OBJ_86" = {
         isa = "PBXBuildFile";
         fileRef = "OBJ_10";
      };
      "OBJ_87" = {
         isa = "PBXBuildFile";
         fileRef = "OBJ_11";
      };
      "OBJ_88" = {
         isa = "PBXBuildFile";
         fileRef = "OBJ_13";
      };
      "OBJ_89" = {
         isa = "PBXBuildFile";
         fileRef = "OBJ_14";
      };
      "OBJ_9" = {
         isa = "PBXGroup";
         children = (
            "OBJ_10",
            "OBJ_11",
            "OBJ_12",
            "OBJ_16",
            "OBJ_17",
            "OBJ_18"
         );
         name = "Core";
         path = "Core";
         sourceTree = "<group>";
      };
      "OBJ_90" = {
         isa = "PBXBuildFile";
         fileRef = "OBJ_15";
      };
      "OBJ_91" = {
         isa = "PBXBuildFile";
         fileRef = "OBJ_16";
      };
      "OBJ_92" = {
         isa = "PBXBuildFile";
         fileRef = "OBJ_17";
      };
      "OBJ_93" = {
         isa = "PBXBuildFile";
         fileRef = "OBJ_19";
      };
      "OBJ_94" = {
         isa = "PBXBuildFile";
         fileRef = "OBJ_21";
      };
      "OBJ_95" = {
         isa = "PBXBuildFile";
         fileRef = "OBJ_22";
      };
      "OBJ_96" = {
         isa = "PBXBuildFile";
         fileRef = "OBJ_23";
      };
      "OBJ_97" = {
         isa = "PBXFrameworksBuildPhase";
         files = (
            "OBJ_98"
         );
      };
      "OBJ_98" = {
         isa = "PBXBuildFile";
         fileRef = "Alamofire::Alamofire::Product";
      };
      "OBJ_99" = {
         isa = "PBXTargetDependency";
         target = "Alamofire::Alamofire";
      };
      "RestBird::RestBird" = {
         isa = "PBXNativeTarget";
         buildConfigurationList = "OBJ_82";
         buildPhases = (
            "OBJ_85",
            "OBJ_97"
         );
         dependencies = (
            "OBJ_99"
         );
         name = "RestBird";
         productName = "RestBird";
         productReference = "RestBird::RestBird::Product";
         productType = "com.apple.product-type.framework";
      };
      "RestBird::RestBird::Product" = {
         isa = "PBXFileReference";
         path = "RestBird.framework";
         sourceTree = "BUILT_PRODUCTS_DIR";
      };
      "RestBird::RestBirdPackageTests::ProductTarget" = {
         isa = "PBXAggregateTarget";
         buildConfigurationList = "OBJ_107";
         buildPhases = (
         );
         dependencies = (
            "OBJ_110"
         );
         name = "RestBirdPackageTests";
         productName = "RestBirdPackageTests";
      };
      "RestBird::RestBirdTests" = {
         isa = "PBXNativeTarget";
         buildConfigurationList = "OBJ_112";
         buildPhases = (
            "OBJ_115",
            "OBJ_118"
         );
         dependencies = (
            "OBJ_121",
            "OBJ_122"
         );
         name = "RestBirdTests";
         productName = "RestBirdTests";
         productReference = "RestBird::RestBirdTests::Product";
         productType = "com.apple.product-type.bundle.unit-test";
      };
      "RestBird::RestBirdTests::Product" = {
         isa = "PBXFileReference";
         path = "RestBirdTests.xctest";
         sourceTree = "BUILT_PRODUCTS_DIR";
      };
      "RestBird::SwiftPMPackageDescription" = {
         isa = "PBXNativeTarget";
         buildConfigurationList = "OBJ_101";
         buildPhases = (
            "OBJ_104"
         );
         dependencies = (
         );
         name = "RestBirdPackageDescription";
         productName = "RestBirdPackageDescription";
         productType = "com.apple.product-type.framework";
      };
   };
   rootObject = "OBJ_1";
}
